
Microsoft Visual Studio Solution File, Format Version 12.00
# Visual Studio Version 17
VisualStudioVersion = 17.11.35327.3
MinimumVisualStudioVersion = 10.0.40219.1
Project("{FAE04EC0-301F-11D3-BF4B-00C04F79EFBC}") = "WinAppEjercicio7", "WinAppEjercicio7\WinAppEjercicio7.csproj", "{74A035E1-E63F-41CA-B2A2-AFC948334A8B}"
EndProject
Global
	GlobalSection(SolutionConfigurationPlatforms) = preSolution
		Debug|Any CPU = Debug|Any CPU
		Release|Any CPU = Release|Any CPU
	EndGlobalSection
	GlobalSection(ProjectConfigurationPlatforms) = postSolution
		{74A035E1-E63F-41CA-B2A2-AFC948334A8B}.Debug|Any CPU.ActiveCfg = Debug|Any CPU
		{74A035E1-E63F-41CA-B2A2-AFC948334A8B}.Debug|Any CPU.Build.0 = Debug|Any CPU
		{74A035E1-E63F-41CA-B2A2-AFC948334A8B}.Release|Any CPU.ActiveCfg = Release|Any CPU
		{74A035E1-E63F-41CA-B2A2-AFC948334A8B}.Release|Any CPU.Build.0 = Release|Any CPU
	EndGlobalSection
	GlobalSection(SolutionProperties) = preSolution
		HideSolutionNode = FALSE
	EndGlobalSection
	GlobalSection(ExtensibilityGlobals) = postSolution
		SolutionGuid = {15BCEC00-7D2D-465A-8A3B-C31E0359BBB3}
	EndGlobalSection
EndGlobal
