
Microsoft Visual Studio Solution File, Format Version 12.00
# Visual Studio Version 17
VisualStudioVersion = 17.11.35327.3
MinimumVisualStudioVersion = 10.0.40219.1
Project("{FAE04EC0-301F-11D3-BF4B-00C04F79EFBC}") = "WinAppEjercicio16.2", "WinAppEjercicio16.2\WinAppEjercicio16.2.csproj", "{87E95181-4163-40F1-B1AC-FD0C85450F75}"
EndProject
Global
	GlobalSection(SolutionConfigurationPlatforms) = preSolution
		Debug|Any CPU = Debug|Any CPU
		Release|Any CPU = Release|Any CPU
	EndGlobalSection
	GlobalSection(ProjectConfigurationPlatforms) = postSolution
		{87E95181-4163-40F1-B1AC-FD0C85450F75}.Debug|Any CPU.ActiveCfg = Debug|Any CPU
		{87E95181-4163-40F1-B1AC-FD0C85450F75}.Debug|Any CPU.Build.0 = Debug|Any CPU
		{87E95181-4163-40F1-B1AC-FD0C85450F75}.Release|Any CPU.ActiveCfg = Release|Any CPU
		{87E95181-4163-40F1-B1AC-FD0C85450F75}.Release|Any CPU.Build.0 = Release|Any CPU
	EndGlobalSection
	GlobalSection(SolutionProperties) = preSolution
		HideSolutionNode = FALSE
	EndGlobalSection
	GlobalSection(ExtensibilityGlobals) = postSolution
		SolutionGuid = {6EA5FFF7-2EBE-4F2E-8D79-4B044378D937}
	EndGlobalSection
EndGlobal
