
Microsoft Visual Studio Solution File, Format Version 12.00
# Visual Studio Version 17
VisualStudioVersion = 17.11.35327.3
MinimumVisualStudioVersion = 10.0.40219.1
Project("{FAE04EC0-301F-11D3-BF4B-00C04F79EFBC}") = "WinAppEjercicio4", "WinAppEjercicio4\WinAppEjercicio4.csproj", "{F4AAF698-BF0D-4F44-8358-9F53BF769A5D}"
EndProject
Global
	GlobalSection(SolutionConfigurationPlatforms) = preSolution
		Debug|Any CPU = Debug|Any CPU
		Release|Any CPU = Release|Any CPU
	EndGlobalSection
	GlobalSection(ProjectConfigurationPlatforms) = postSolution
		{F4AAF698-BF0D-4F44-8358-9F53BF769A5D}.Debug|Any CPU.ActiveCfg = Debug|Any CPU
		{F4AAF698-BF0D-4F44-8358-9F53BF769A5D}.Debug|Any CPU.Build.0 = Debug|Any CPU
		{F4AAF698-BF0D-4F44-8358-9F53BF769A5D}.Release|Any CPU.ActiveCfg = Release|Any CPU
		{F4AAF698-BF0D-4F44-8358-9F53BF769A5D}.Release|Any CPU.Build.0 = Release|Any CPU
	EndGlobalSection
	GlobalSection(SolutionProperties) = preSolution
		HideSolutionNode = FALSE
	EndGlobalSection
	GlobalSection(ExtensibilityGlobals) = postSolution
		SolutionGuid = {72388665-99FC-4DD9-9CE4-B1FD3586A3B6}
	EndGlobalSection
EndGlobal
