
Microsoft Visual Studio Solution File, Format Version 12.00
# Visual Studio Version 17
VisualStudioVersion = 17.11.35327.3
MinimumVisualStudioVersion = 10.0.40219.1
Project("{FAE04EC0-301F-11D3-BF4B-00C04F79EFBC}") = "WinAppEjercicio2", "WinAppEjercicio2\WinAppEjercicio2.csproj", "{EF7B8635-36AD-43AC-9C4B-7163A0FC5B8B}"
EndProject
Global
	GlobalSection(SolutionConfigurationPlatforms) = preSolution
		Debug|Any CPU = Debug|Any CPU
		Release|Any CPU = Release|Any CPU
	EndGlobalSection
	GlobalSection(ProjectConfigurationPlatforms) = postSolution
		{EF7B8635-36AD-43AC-9C4B-7163A0FC5B8B}.Debug|Any CPU.ActiveCfg = Debug|Any CPU
		{EF7B8635-36AD-43AC-9C4B-7163A0FC5B8B}.Debug|Any CPU.Build.0 = Debug|Any CPU
		{EF7B8635-36AD-43AC-9C4B-7163A0FC5B8B}.Release|Any CPU.ActiveCfg = Release|Any CPU
		{EF7B8635-36AD-43AC-9C4B-7163A0FC5B8B}.Release|Any CPU.Build.0 = Release|Any CPU
	EndGlobalSection
	GlobalSection(SolutionProperties) = preSolution
		HideSolutionNode = FALSE
	EndGlobalSection
	GlobalSection(ExtensibilityGlobals) = postSolution
		SolutionGuid = {189EF47F-6EAB-46DE-ACC5-C9DCAAA5E765}
	EndGlobalSection
EndGlobal
