
Microsoft Visual Studio Solution File, Format Version 12.00
# Visual Studio Version 17
VisualStudioVersion = 17.11.35312.102
MinimumVisualStudioVersion = 10.0.40219.1
Project("{FAE04EC0-301F-11D3-BF4B-00C04F79EFBC}") = "windoappPractica", "windoappPractica\windoappPractica.csproj", "{B367BDC9-CD0B-4C18-987F-C3B93EA4F110}"
EndProject
Global
	GlobalSection(SolutionConfigurationPlatforms) = preSolution
		Debug|Any CPU = Debug|Any CPU
		Release|Any CPU = Release|Any CPU
	EndGlobalSection
	GlobalSection(ProjectConfigurationPlatforms) = postSolution
		{B367BDC9-CD0B-4C18-987F-C3B93EA4F110}.Debug|Any CPU.ActiveCfg = Debug|Any CPU
		{B367BDC9-CD0B-4C18-987F-C3B93EA4F110}.Debug|Any CPU.Build.0 = Debug|Any CPU
		{B367BDC9-CD0B-4C18-987F-C3B93EA4F110}.Release|Any CPU.ActiveCfg = Release|Any CPU
		{B367BDC9-CD0B-4C18-987F-C3B93EA4F110}.Release|Any CPU.Build.0 = Release|Any CPU
	EndGlobalSection
	GlobalSection(SolutionProperties) = preSolution
		HideSolutionNode = FALSE
	EndGlobalSection
	GlobalSection(ExtensibilityGlobals) = postSolution
		SolutionGuid = {9DD1389E-B8D5-4F9C-9013-236123D234B4}
	EndGlobalSection
EndGlobal
