
Microsoft Visual Studio Solution File, Format Version 12.00
# Visual Studio Version 17
VisualStudioVersion = 17.11.35327.3
MinimumVisualStudioVersion = 10.0.40219.1
Project("{FAE04EC0-301F-11D3-BF4B-00C04F79EFBC}") = "CONAPPSUMA", "CONAPPSUMA\CONAPPSUMA.csproj", "{F43FB54A-65D8-4E36-B3C3-6EAC4DB5ED56}"
EndProject
Global
	GlobalSection(SolutionConfigurationPlatforms) = preSolution
		Debug|Any CPU = Debug|Any CPU
		Release|Any CPU = Release|Any CPU
	EndGlobalSection
	GlobalSection(ProjectConfigurationPlatforms) = postSolution
		{F43FB54A-65D8-4E36-B3C3-6EAC4DB5ED56}.Debug|Any CPU.ActiveCfg = Debug|Any CPU
		{F43FB54A-65D8-4E36-B3C3-6EAC4DB5ED56}.Debug|Any CPU.Build.0 = Debug|Any CPU
		{F43FB54A-65D8-4E36-B3C3-6EAC4DB5ED56}.Release|Any CPU.ActiveCfg = Release|Any CPU
		{F43FB54A-65D8-4E36-B3C3-6EAC4DB5ED56}.Release|Any CPU.Build.0 = Release|Any CPU
	EndGlobalSection
	GlobalSection(SolutionProperties) = preSolution
		HideSolutionNode = FALSE
	EndGlobalSection
	GlobalSection(ExtensibilityGlobals) = postSolution
		SolutionGuid = {1E548ED4-CE0F-44D8-B3F7-D6B88C1CE930}
	EndGlobalSection
EndGlobal
