
Microsoft Visual Studio Solution File, Format Version 12.00
# Visual Studio Version 17
VisualStudioVersion = 17.11.35327.3
MinimumVisualStudioVersion = 10.0.40219.1
Project("{FAE04EC0-301F-11D3-BF4B-00C04F79EFBC}") = "WinAppEjercicio6", "WinAppEjercicio6\WinAppEjercicio6.csproj", "{2196A1BE-3169-47F4-8316-5C53820C0985}"
EndProject
Global
	GlobalSection(SolutionConfigurationPlatforms) = preSolution
		Debug|Any CPU = Debug|Any CPU
		Release|Any CPU = Release|Any CPU
	EndGlobalSection
	GlobalSection(ProjectConfigurationPlatforms) = postSolution
		{2196A1BE-3169-47F4-8316-5C53820C0985}.Debug|Any CPU.ActiveCfg = Debug|Any CPU
		{2196A1BE-3169-47F4-8316-5C53820C0985}.Debug|Any CPU.Build.0 = Debug|Any CPU
		{2196A1BE-3169-47F4-8316-5C53820C0985}.Release|Any CPU.ActiveCfg = Release|Any CPU
		{2196A1BE-3169-47F4-8316-5C53820C0985}.Release|Any CPU.Build.0 = Release|Any CPU
	EndGlobalSection
	GlobalSection(SolutionProperties) = preSolution
		HideSolutionNode = FALSE
	EndGlobalSection
	GlobalSection(ExtensibilityGlobals) = postSolution
		SolutionGuid = {6F55FE05-415D-45FE-877B-6075EFBD9340}
	EndGlobalSection
EndGlobal
